# This file is automatically @generated by Cargo.
# It is not intended for manual editing.
[[package]]
name = "arrayref"
version = "0.3.6"
source = "registry+https://github.com/rust-lang/crates.io-index"
checksum = "a4c527152e37cf757a3f78aae5a06fbeefdb07ccc535c980a3208ee3060dd544"

[[package]]
name = "arrayvec"
version = "0.5.1"
source = "registry+https://github.com/rust-lang/crates.io-index"
checksum = "cff77d8686867eceff3105329d4698d96c2391c176d5d03adc90c7389162b5b8"

[[package]]
name = "bincode"
version = "1.3.1"
source = "registry+https://github.com/rust-lang/crates.io-index"
checksum = "f30d3a39baa26f9651f17b375061f3233dde33424a8b72b0dbe93a68a0bc896d"
dependencies = [
 "byteorder",
 "serde",
]

[[package]]
name = "bitflags"
version = "1.2.1"
source = "registry+https://github.com/rust-lang/crates.io-index"
checksum = "cf1de2fe8c75bc145a2f577add951f8134889b4795d47466a54a5c846d691693"

[[package]]
name = "blake3"
version = "0.3.7"
source = "registry+https://github.com/rust-lang/crates.io-index"
checksum = "e9ff35b701f3914bdb8fad3368d822c766ef2858b2583198e41639b936f09d3f"
dependencies = [
 "arrayref",
 "arrayvec",
 "cc",
 "cfg-if",
 "constant_time_eq",
 "crypto-mac",
 "digest",
]

[[package]]
name = "byteorder"
version = "1.3.4"
source = "registry+https://github.com/rust-lang/crates.io-index"
checksum = "08c48aae112d48ed9f069b33538ea9e3e90aa263cfa3d1c24309612b1f7472de"

[[package]]
name = "cc"
version = "1.0.45"
source = "registry+https://github.com/rust-lang/crates.io-index"
checksum = "4fc9a35e1f4290eb9e5fc54ba6cf40671ed2a2514c3eeb2b2a908dda2ea5a1be"

[[package]]
name = "cfg-if"
version = "0.1.10"
source = "registry+https://github.com/rust-lang/crates.io-index"
checksum = "4785bdd1c96b2a846b2bd7cc02e86b6b3dbf14e7e53446c4f54c92a361040822"

[[package]]
name = "constant_time_eq"
version = "0.1.5"
source = "registry+https://github.com/rust-lang/crates.io-index"
checksum = "245097e9a4535ee1e3e3931fcfcd55a796a44c643e8596ff6566d68f09b87bbc"

[[package]]
name = "cookie-factory"
version = "0.3.1"
source = "registry+https://github.com/rust-lang/crates.io-index"
checksum = "41f21b581d2f0cb891554812435667bb9610d74feb1a4c6415bf09c28ff0381d"

[[package]]
name = "crypto-mac"
version = "0.8.0"
source = "registry+https://github.com/rust-lang/crates.io-index"
checksum = "b584a330336237c1eecd3e94266efb216c56ed91225d634cb2991c5f3fd1aeab"
dependencies = [
 "generic-array",
 "subtle",
]

[[package]]
name = "digest"
version = "0.9.0"
source = "registry+https://github.com/rust-lang/crates.io-index"
checksum = "d3dd60d1080a57a05ab032377049e0591415d2b31afd7028356dbf3cc6dcb066"
dependencies = [
 "generic-array",
]

[[package]]
name = "env_logger"
version = "0.7.1"
source = "registry+https://github.com/rust-lang/crates.io-index"
checksum = "44533bbbb3bb3c1fa17d9f2e4e38bbbaf8396ba82193c4cb1b6445d711445d36"
dependencies = [
 "log",
]

[[package]]
name = "generic-array"
version = "0.14.4"
source = "registry+https://github.com/rust-lang/crates.io-index"
checksum = "501466ecc8a30d1d3b7fc9229b122b2ce8ed6e9d9223f1138d4babb253e51817"
dependencies = [
 "typenum",
 "version_check",
]

[[package]]
name = "getrandom"
version = "0.2.0"
source = "registry+https://github.com/rust-lang/crates.io-index"
checksum = "ee8025cf36f917e6a52cce185b7c7177689b838b7ec138364e50cc2277a56cf4"
dependencies = [
 "cfg-if",
 "libc",
 "wasi",
]

[[package]]
name = "half"
version = "1.6.0"
source = "registry+https://github.com/rust-lang/crates.io-index"
checksum = "d36fab90f82edc3c747f9d438e06cf0a491055896f2a279638bb5beed6c40177"

[[package]]
name = "heck"
version = "0.3.1"
source = "registry+https://github.com/rust-lang/crates.io-index"
checksum = "20564e78d53d2bb135c343b3f47714a56af2061f1c928fdb541dc7b9fdd94205"
dependencies = [
 "unicode-segmentation",
]

[[package]]
name = "lexical-core"
version = "0.7.4"
source = "registry+https://github.com/rust-lang/crates.io-index"
checksum = "db65c6da02e61f55dae90a0ae427b2a5f6b3e8db09f58d10efab23af92592616"
dependencies = [
 "arrayvec",
 "bitflags",
 "cfg-if",
 "ryu",
 "static_assertions",
]

[[package]]
name = "libc"
version = "0.2.73"
source = "registry+https://github.com/rust-lang/crates.io-index"
checksum = "bd7d4bd64732af4bf3a67f367c27df8520ad7e230c5817b8ff485864d80242b9"

[[package]]
name = "lidi"
version = "0.9.0"
dependencies = [
 "bincode",
 "blake3",
 "cookie-factory",
 "env_logger",
 "getrandom",
 "log",
 "nix",
 "nom",
 "raptorq",
 "serde",
 "serde_cbor",
 "syscallz",
 "toml",
 "xattr",
]

[[package]]
name = "log"
version = "0.4.11"
source = "registry+https://github.com/rust-lang/crates.io-index"
checksum = "4fabed175da42fed1fa0746b0ea71f412aa9d35e76e95e59b192c64b9dc2bf8b"
dependencies = [
 "cfg-if",
]

[[package]]
name = "memchr"
version = "2.3.3"
source = "registry+https://github.com/rust-lang/crates.io-index"
checksum = "3728d817d99e5ac407411fa471ff9800a778d88a24685968b36824eaf4bee400"

[[package]]
name = "nix"
version = "0.18.0"
source = "registry+https://github.com/rust-lang/crates.io-index"
checksum = "83450fe6a6142ddd95fb064b746083fc4ef1705fe81f64a64e1d4b39f54a1055"
dependencies = [
 "bitflags",
 "cc",
 "cfg-if",
 "libc",
]

[[package]]
name = "nom"
version = "5.1.2"
source = "registry+https://github.com/rust-lang/crates.io-index"
checksum = "ffb4262d26ed83a1c0a33a38fe2bb15797329c85770da05e6b828ddb782627af"
dependencies = [
 "lexical-core",
 "memchr",
 "version_check",
]

[[package]]
name = "pkg-config"
version = "0.3.17"
source = "registry+https://github.com/rust-lang/crates.io-index"
checksum = "05da548ad6865900e60eaba7f589cc0783590a92e940c26953ff81ddbab2d677"

[[package]]
name = "proc-macro2"
version = "1.0.18"
source = "registry+https://github.com/rust-lang/crates.io-index"
checksum = "beae6331a816b1f65d04c45b078fd8e6c93e8071771f41b8163255bbd8d7c8fa"
dependencies = [
 "unicode-xid",
]

[[package]]
name = "quote"
version = "1.0.2"
source = "registry+https://github.com/rust-lang/crates.io-index"
checksum = "053a8c8bcc71fcce321828dc897a98ab9760bef03a4fc36693c231e5b3216cfe"
dependencies = [
 "proc-macro2",
]

[[package]]
name = "raptorq"
version = "1.4.2"
source = "registry+https://github.com/rust-lang/crates.io-index"
checksum = "8e3e0cd5c27717803cbd3151329de9aa784376703a3a850b00c0dae30da86cf2"
dependencies = [
 "serde",
]

[[package]]
name = "ryu"
version = "1.0.5"
source = "registry+https://github.com/rust-lang/crates.io-index"
checksum = "71d301d4193d031abdd79ff7e3dd721168a9572ef3fe51a1517aba235bd8f86e"

[[package]]
name = "seccomp-sys"
version = "0.1.3"
source = "registry+https://github.com/rust-lang/crates.io-index"
checksum = "e5bcf74ba0708aeaf8d702e4f84f7458ae1de42d80e2c20963a395b6038e6be6"
dependencies = [
 "libc",
]

[[package]]
name = "serde"
version = "1.0.116"
source = "registry+https://github.com/rust-lang/crates.io-index"
checksum = "96fe57af81d28386a513cbc6858332abc6117cfdb5999647c6444b8f43a370a5"
dependencies = [
 "serde_derive",
]

[[package]]
name = "serde_cbor"
version = "0.11.1"
source = "registry+https://github.com/rust-lang/crates.io-index"
checksum = "1e18acfa2f90e8b735b2836ab8d538de304cbb6729a7360729ea5a895d15a622"
dependencies = [
 "half",
 "serde",
]

[[package]]
name = "serde_derive"
version = "1.0.116"
source = "registry+https://github.com/rust-lang/crates.io-index"
checksum = "f630a6370fd8e457873b4bd2ffdae75408bc291ba72be773772a4c2a065d9ae8"
dependencies = [
 "proc-macro2",
 "quote",
 "syn",
]

[[package]]
name = "static_assertions"
version = "1.1.0"
source = "registry+https://github.com/rust-lang/crates.io-index"
checksum = "a2eb9349b6444b326872e140eb1cf5e7c522154d69e7a0ffb0fb81c06b37543f"

[[package]]
name = "strum"
version = "0.19.5"
source = "registry+https://github.com/rust-lang/crates.io-index"
checksum = "b89a286a7e3b5720b9a477b23253bc50debac207c8d21505f8e70b36792f11b5"

[[package]]
name = "strum_macros"
version = "0.19.4"
source = "registry+https://github.com/rust-lang/crates.io-index"
checksum = "e61bb0be289045cb80bfce000512e32d09f8337e54c186725da381377ad1f8d5"
dependencies = [
 "heck",
 "proc-macro2",
 "quote",
 "syn",
]

[[package]]
name = "subtle"
version = "2.3.0"
source = "registry+https://github.com/rust-lang/crates.io-index"
checksum = "343f3f510c2915908f155e94f17220b19ccfacf2a64a2a5d8004f2c3e311e7fd"

[[package]]
name = "syn"
version = "1.0.33"
source = "registry+https://github.com/rust-lang/crates.io-index"
checksum = "e8d5d96e8cbb005d6959f119f773bfaebb5684296108fb32600c00cde305b2cd"
dependencies = [
 "proc-macro2",
 "quote",
 "unicode-xid",
]

[[package]]
name = "syscallz"
version = "0.15.0"
source = "registry+https://github.com/rust-lang/crates.io-index"
checksum = "7fea20c794acfd4cebf0bd8f623846cdc8424e0495a29ad76ecf2060d673be7c"
dependencies = [
 "log",
 "pkg-config",
 "seccomp-sys",
 "strum",
 "strum_macros",
]

[[package]]
name = "toml"
version = "0.5.7"
source = "registry+https://github.com/rust-lang/crates.io-index"
checksum = "75cf45bb0bef80604d001caaec0d09da99611b3c0fd39d3080468875cdb65645"
dependencies = [
 "serde",
]

[[package]]
name = "typenum"
version = "1.12.0"
source = "registry+https://github.com/rust-lang/crates.io-index"
checksum = "373c8a200f9e67a0c95e62a4f52fbf80c23b4381c05a17845531982fa99e6b33"

[[package]]
name = "unicode-segmentation"
version = "1.3.0"
source = "registry+https://github.com/rust-lang/crates.io-index"
checksum = "1967f4cdfc355b37fd76d2a954fb2ed3871034eb4f26d60537d88795cfc332a9"

[[package]]
name = "unicode-xid"
version = "0.2.0"
source = "registry+https://github.com/rust-lang/crates.io-index"
checksum = "826e7639553986605ec5979c7dd957c7895e93eabed50ab2ffa7f6128a75097c"

[[package]]
name = "version_check"
version = "0.9.1"
source = "registry+https://github.com/rust-lang/crates.io-index"
checksum = "078775d0255232fb988e6fccf26ddc9d1ac274299aaedcedce21c6f72cc533ce"

[[package]]
name = "wasi"
version = "0.9.0+wasi-snapshot-preview1"
source = "registry+https://github.com/rust-lang/crates.io-index"
checksum = "cccddf32554fecc6acb585f82a32a72e28b48f8c4c1883ddfeeeaa96f7d8e519"

[[package]]
name = "xattr"
version = "0.2.2"
source = "registry+https://github.com/rust-lang/crates.io-index"
checksum = "244c3741f4240ef46274860397c7c74e50eb23624996930e484c16679633a54c"
dependencies = [
 "libc",
]
